// !$*UTF8*$!
{
	archiveVersion = 1;
	classes = {
	};
	objectVersion = 54;
	objects = {

/* Begin PBXBuildFile section */
		00E356F31AD99517003FC87E /* AmazoneCloneTests.m in Sources */ = {isa = PBXBuildFile; fileRef = 00E356F21AD99517003FC87E /* AmazoneCloneTests.m */; };
		13B07FBC1A68108700A75B9A /* AppDelegate.m in Sources */ = {isa = PBXBuildFile; fileRef = 13B07FB01A68108700A75B9A /* AppDelegate.m */; };
		13B07FBF1A68108700A75B9A /* Images.xcassets in Resources */ = {isa = PBXBuildFile; fileRef = 13B07FB51A68108700A75B9A /* Images.xcassets */; };
		13B07FC11A68108700A75B9A /* main.m in Sources */ = {isa = PBXBuildFile; fileRef = 13B07FB71A68108700A75B9A /* main.m */; };
		6172F2D35A4C3AA820D92908 /* libPods-AmazoneClone.a in Frameworks */ = {isa = PBXBuildFile; fileRef = 6423831EA8574132BED9D8CC /* libPods-AmazoneClone.a */; };
		7EF68E3733C33B6898317E18 /* libPods-AmazoneClone-AmazoneCloneTests.a in Frameworks */ = {isa = PBXBuildFile; fileRef = ABFE59519B596E51CEFDCCC0 /* libPods-AmazoneClone-AmazoneCloneTests.a */; };
		81AB9BB82411601600AC10FF /* LaunchScreen.storyboard in Resources */ = {isa = PBXBuildFile; fileRef = 81AB9BB72411601600AC10FF /* LaunchScreen.storyboard */; };
		1BC4F28EA23348C182E2E6AF /* PressStart2P-Regular.ttf in Resources */ = {isa = PBXBuildFile; fileRef = 74656368D7EE4BDB84E7AE2C /* PressStart2P-Regular.ttf */; };
		A40D1EFBE9FF4888BBC34171 /* AntDesign.ttf in Resources */ = {isa = PBXBuildFile; fileRef = C6C5D6A014D544F998605265 /* AntDesign.ttf */; };
		26ABBEB42BCF4B1DB8202D14 /* Entypo.ttf in Resources */ = {isa = PBXBuildFile; fileRef = 3DC76EA204904F408E9EFEBD /* Entypo.ttf */; };
		BE3A73F97DA9478FA1E6C63D /* EvilIcons.ttf in Resources */ = {isa = PBXBuildFile; fileRef = 78C5FEECDF364675A8EDF5E9 /* EvilIcons.ttf */; };
		997CF2E880544865B7C6BDA4 /* Feather.ttf in Resources */ = {isa = PBXBuildFile; fileRef = D8928D8D4FB74DF6BC446B48 /* Feather.ttf */; };
		6B359B05C2D9447C87170740 /* FontAwesome.ttf in Resources */ = {isa = PBXBuildFile; fileRef = 814CA807480846138BAAEDE7 /* FontAwesome.ttf */; };
		2E1D25D63D2F4CFC854024D6 /* FontAwesome5_Brands.ttf in Resources */ = {isa = PBXBuildFile; fileRef = 368E2BEB50F54888AABDF305 /* FontAwesome5_Brands.ttf */; };
		1C26397FD50A4971ACE57B2F /* FontAwesome5_Regular.ttf in Resources */ = {isa = PBXBuildFile; fileRef = E4C929C9C3BD47F1A78EDF2D /* FontAwesome5_Regular.ttf */; };
		2E5CC3B4EC854D5A9431260D /* FontAwesome5_Solid.ttf in Resources */ = {isa = PBXBuildFile; fileRef = 7EFBB979740E4BAE8A46D686 /* FontAwesome5_Solid.ttf */; };
		C4AB427879FB418CA4C5E299 /* Fontisto.ttf in Resources */ = {isa = PBXBuildFile; fileRef = CD47E83837AC43A8B864EE53 /* Fontisto.ttf */; };
		2E5AF786716549CB87465783 /* Foundation.ttf in Resources */ = {isa = PBXBuildFile; fileRef = B61083A25D414C949DB80D46 /* Foundation.ttf */; };
		9F224D89C707439294F8D69C /* Ionicons.ttf in Resources */ = {isa = PBXBuildFile; fileRef = 945BDE3E522D45E2A5AD93F4 /* Ionicons.ttf */; };
		C11B066084734679AD438CFA /* MaterialCommunityIcons.ttf in Resources */ = {isa = PBXBuildFile; fileRef = 07ADEEA475E844FA9EF2597E /* MaterialCommunityIcons.ttf */; };
		C0F1D84771504CA8AE972EE4 /* MaterialIcons.ttf in Resources */ = {isa = PBXBuildFile; fileRef = C88C360A5FC8465DA09B2C96 /* MaterialIcons.ttf */; };
		52F6B5224A9441B6826FEFEF /* Octicons.ttf in Resources */ = {isa = PBXBuildFile; fileRef = 2FD779ABA6AA419191128366 /* Octicons.ttf */; };
		9B84981F7F934BEA95575FBA /* SimpleLineIcons.ttf in Resources */ = {isa = PBXBuildFile; fileRef = CCA14BA328874816B3967ADD /* SimpleLineIcons.ttf */; };
		81F46E1A77894A6190BD7212 /* Zocial.ttf in Resources */ = {isa = PBXBuildFile; fileRef = 50FD5D5FA5594255861FF98A /* Zocial.ttf */; };
		F6591106399B415F9301C8E7 /* EBGaramond-BoldItalic.ttf in Resources */ = {isa = PBXBuildFile; fileRef = F233EC57F1EB4EAB880B006C /* EBGaramond-BoldItalic.ttf */; };
		C0E9990357324C1EAE79D0DF /* EBGaramond-ExtraBold.ttf in Resources */ = {isa = PBXBuildFile; fileRef = 6EC72B1C954F4C66B38889C7 /* EBGaramond-ExtraBold.ttf */; };
		8065BCDEE4BF4AF7ACA607D3 /* EBGaramond-ExtraBoldItalic.ttf in Resources */ = {isa = PBXBuildFile; fileRef = 2CF4E31EA8E4445D85526C3A /* EBGaramond-ExtraBoldItalic.ttf */; };
		934790262DA74F54B68CA646 /* EBGaramond-Italic.ttf in Resources */ = {isa = PBXBuildFile; fileRef = 84A7C6A3D98044B2A502AFFA /* EBGaramond-Italic.ttf */; };
		9B106A7CAFB54167919FDCCB /* EBGaramond-Medium.ttf in Resources */ = {isa = PBXBuildFile; fileRef = 8CBC87E2EEFE49308FF50883 /* EBGaramond-Medium.ttf */; };
		B9369BCA11044C38A23DFED1 /* EBGaramond-MediumItalic.ttf in Resources */ = {isa = PBXBuildFile; fileRef = B614E3AADC744644BB742967 /* EBGaramond-MediumItalic.ttf */; };
		8E9D4845545146CA9076E569 /* EBGaramond-Regular.ttf in Resources */ = {isa = PBXBuildFile; fileRef = 450D930A25094EA487C4BC2D /* EBGaramond-Regular.ttf */; };
		3F2204E920EF42EA97E4ECD2 /* EBGaramond-SemiBold.ttf in Resources */ = {isa = PBXBuildFile; fileRef = 68614A1F065747C8BCA3E476 /* EBGaramond-SemiBold.ttf */; };
		CA6C9C5A05E943CFA05E3233 /* EBGaramond-SemiBoldItalic.ttf in Resources */ = {isa = PBXBuildFile; fileRef = 35E3165BADA9408C8821CE19 /* EBGaramond-SemiBoldItalic.ttf */; };
		FA0F368F470F4276AEAB26F5 /* EBGaramond-Bold.ttf in Resources */ = {isa = PBXBuildFile; fileRef = 97CF00737CDC4ED4933921A5 /* EBGaramond-Bold.ttf */; };
		4181F061C23449ED906FD8EC /* EBGaramond-Italic-VariableFont_wght.ttf in Resources */ = {isa = PBXBuildFile; fileRef = A697E680C5E24E66B7A3327B /* EBGaramond-Italic-VariableFont_wght.ttf */; };
		32A0C5BE4A6743189E479F11 /* EBGaramond-VariableFont_wght.ttf in Resources */ = {isa = PBXBuildFile; fileRef = D40F760B472D4D2A90154B74 /* EBGaramond-VariableFont_wght.ttf */; };
/* End PBXBuildFile section */

/* Begin PBXContainerItemProxy section */
		00E356F41AD99517003FC87E /* PBXContainerItemProxy */ = {
			isa = PBXContainerItemProxy;
			containerPortal = 83CBB9F71A601CBA00E9B192 /* Project object */;
			proxyType = 1;
			remoteGlobalIDString = 13B07F861A680F5B00A75B9A;
			remoteInfo = AmazoneClone;
		};
/* End PBXContainerItemProxy section */

/* Begin PBXFileReference section */
		00E356EE1AD99517003FC87E /* AmazoneCloneTests.xctest */ = {isa = PBXFileReference; explicitFileType = wrapper.cfbundle; includeInIndex = 0; path = AmazoneCloneTests.xctest; sourceTree = BUILT_PRODUCTS_DIR; };
		00E356F11AD99517003FC87E /* Info.plist */ = {isa = PBXFileReference; lastKnownFileType = text.plist.xml; path = Info.plist; sourceTree = "<group>"; };
		00E356F21AD99517003FC87E /* AmazoneCloneTests.m */ = {isa = PBXFileReference; lastKnownFileType = sourcecode.c.objc; path = AmazoneCloneTests.m; sourceTree = "<group>"; };
		13B07F961A680F5B00A75B9A /* AmazoneClone.app */ = {isa = PBXFileReference; explicitFileType = wrapper.application; includeInIndex = 0; path = AmazoneClone.app; sourceTree = BUILT_PRODUCTS_DIR; };
		13B07FAF1A68108700A75B9A /* AppDelegate.h */ = {isa = PBXFileReference; fileEncoding = 4; lastKnownFileType = sourcecode.c.h; name = AppDelegate.h; path = AmazoneClone/AppDelegate.h; sourceTree = "<group>"; };
		13B07FB01A68108700A75B9A /* AppDelegate.m */ = {isa = PBXFileReference; fileEncoding = 4; lastKnownFileType = sourcecode.c.objc; name = AppDelegate.m; path = AmazoneClone/AppDelegate.m; sourceTree = "<group>"; };
		13B07FB51A68108700A75B9A /* Images.xcassets */ = {isa = PBXFileReference; lastKnownFileType = folder.assetcatalog; name = Images.xcassets; path = AmazoneClone/Images.xcassets; sourceTree = "<group>"; };
		13B07FB61A68108700A75B9A /* Info.plist */ = {isa = PBXFileReference; fileEncoding = 4; lastKnownFileType = text.plist.xml; name = Info.plist; path = AmazoneClone/Info.plist; sourceTree = "<group>"; };
		13B07FB71A68108700A75B9A /* main.m */ = {isa = PBXFileReference; fileEncoding = 4; lastKnownFileType = sourcecode.c.objc; name = main.m; path = AmazoneClone/main.m; sourceTree = "<group>"; };
		1D0AE47A65C8663E3B452821 /* Pods-AmazoneClone-AmazoneCloneTests.release.xcconfig */ = {isa = PBXFileReference; includeInIndex = 1; lastKnownFileType = text.xcconfig; name = "Pods-AmazoneClone-AmazoneCloneTests.release.xcconfig"; path = "Target Support Files/Pods-AmazoneClone-AmazoneCloneTests/Pods-AmazoneClone-AmazoneCloneTests.release.xcconfig"; sourceTree = "<group>"; };
		6423831EA8574132BED9D8CC /* libPods-AmazoneClone.a */ = {isa = PBXFileReference; explicitFileType = archive.ar; includeInIndex = 0; path = "libPods-AmazoneClone.a"; sourceTree = BUILT_PRODUCTS_DIR; };
		6C97AB639B58BBB4B15BBE30 /* Pods-AmazoneClone-AmazoneCloneTests.debug.xcconfig */ = {isa = PBXFileReference; includeInIndex = 1; lastKnownFileType = text.xcconfig; name = "Pods-AmazoneClone-AmazoneCloneTests.debug.xcconfig"; path = "Target Support Files/Pods-AmazoneClone-AmazoneCloneTests/Pods-AmazoneClone-AmazoneCloneTests.debug.xcconfig"; sourceTree = "<group>"; };
		81AB9BB72411601600AC10FF /* LaunchScreen.storyboard */ = {isa = PBXFileReference; fileEncoding = 4; lastKnownFileType = file.storyboard; name = LaunchScreen.storyboard; path = AmazoneClone/LaunchScreen.storyboard; sourceTree = "<group>"; };
		ABFE59519B596E51CEFDCCC0 /* libPods-AmazoneClone-AmazoneCloneTests.a */ = {isa = PBXFileReference; explicitFileType = archive.ar; includeInIndex = 0; path = "libPods-AmazoneClone-AmazoneCloneTests.a"; sourceTree = BUILT_PRODUCTS_DIR; };
		C0A881CF5CF3F2B244570E2A /* Pods-AmazoneClone.debug.xcconfig */ = {isa = PBXFileReference; includeInIndex = 1; lastKnownFileType = text.xcconfig; name = "Pods-AmazoneClone.debug.xcconfig"; path = "Target Support Files/Pods-AmazoneClone/Pods-AmazoneClone.debug.xcconfig"; sourceTree = "<group>"; };
		D00AAFFCFCFDA5787532823F /* Pods-AmazoneClone.release.xcconfig */ = {isa = PBXFileReference; includeInIndex = 1; lastKnownFileType = text.xcconfig; name = "Pods-AmazoneClone.release.xcconfig"; path = "Target Support Files/Pods-AmazoneClone/Pods-AmazoneClone.release.xcconfig"; sourceTree = "<group>"; };
		ED297162215061F000B7C4FE /* JavaScriptCore.framework */ = {isa = PBXFileReference; lastKnownFileType = wrapper.framework; name = JavaScriptCore.framework; path = System/Library/Frameworks/JavaScriptCore.framework; sourceTree = SDKROOT; };
		74656368D7EE4BDB84E7AE2C /* PressStart2P-Regular.ttf */ = {isa = PBXFileReference; name = "PressStart2P-Regular.ttf"; path = "../src/fonts/PressStart2P-Regular.ttf"; sourceTree = "<group>"; fileEncoding = undefined; lastKnownFileType = unknown; explicitFileType = undefined; includeInIndex = 0; };
		C6C5D6A014D544F998605265 /* AntDesign.ttf */ = {isa = PBXFileReference; name = "AntDesign.ttf"; path = "../node_modules/react-native-vector-icons/Fonts/AntDesign.ttf"; sourceTree = "<group>"; fileEncoding = undefined; lastKnownFileType = unknown; explicitFileType = undefined; includeInIndex = 0; };
		3DC76EA204904F408E9EFEBD /* Entypo.ttf */ = {isa = PBXFileReference; name = "Entypo.ttf"; path = "../node_modules/react-native-vector-icons/Fonts/Entypo.ttf"; sourceTree = "<group>"; fileEncoding = undefined; lastKnownFileType = unknown; explicitFileType = undefined; includeInIndex = 0; };
		78C5FEECDF364675A8EDF5E9 /* EvilIcons.ttf */ = {isa = PBXFileReference; name = "EvilIcons.ttf"; path = "../node_modules/react-native-vector-icons/Fonts/EvilIcons.ttf"; sourceTree = "<group>"; fileEncoding = undefined; lastKnownFileType = unknown; explicitFileType = undefined; includeInIndex = 0; };
		D8928D8D4FB74DF6BC446B48 /* Feather.ttf */ = {isa = PBXFileReference; name = "Feather.ttf"; path = "../node_modules/react-native-vector-icons/Fonts/Feather.ttf"; sourceTree = "<group>"; fileEncoding = undefined; lastKnownFileType = unknown; explicitFileType = undefined; includeInIndex = 0; };
		814CA807480846138BAAEDE7 /* FontAwesome.ttf */ = {isa = PBXFileReference; name = "FontAwesome.ttf"; path = "../node_modules/react-native-vector-icons/Fonts/FontAwesome.ttf"; sourceTree = "<group>"; fileEncoding = undefined; lastKnownFileType = unknown; explicitFileType = undefined; includeInIndex = 0; };
		368E2BEB50F54888AABDF305 /* FontAwesome5_Brands.ttf */ = {isa = PBXFileReference; name = "FontAwesome5_Brands.ttf"; path = "../node_modules/react-native-vector-icons/Fonts/FontAwesome5_Brands.ttf"; sourceTree = "<group>"; fileEncoding = undefined; lastKnownFileType = unknown; explicitFileType = undefined; includeInIndex = 0; };
		E4C929C9C3BD47F1A78EDF2D /* FontAwesome5_Regular.ttf */ = {isa = PBXFileReference; name = "FontAwesome5_Regular.ttf"; path = "../node_modules/react-native-vector-icons/Fonts/FontAwesome5_Regular.ttf"; sourceTree = "<group>"; fileEncoding = undefined; lastKnownFileType = unknown; explicitFileType = undefined; includeInIndex = 0; };
		7EFBB979740E4BAE8A46D686 /* FontAwesome5_Solid.ttf */ = {isa = PBXFileReference; name = "FontAwesome5_Solid.ttf"; path = "../node_modules/react-native-vector-icons/Fonts/FontAwesome5_Solid.ttf"; sourceTree = "<group>"; fileEncoding = undefined; lastKnownFileType = unknown; explicitFileType = undefined; includeInIndex = 0; };
		CD47E83837AC43A8B864EE53 /* Fontisto.ttf */ = {isa = PBXFileReference; name = "Fontisto.ttf"; path = "../node_modules/react-native-vector-icons/Fonts/Fontisto.ttf"; sourceTree = "<group>"; fileEncoding = undefined; lastKnownFileType = unknown; explicitFileType = undefined; includeInIndex = 0; };
		B61083A25D414C949DB80D46 /* Foundation.ttf */ = {isa = PBXFileReference; name = "Foundation.ttf"; path = "../node_modules/react-native-vector-icons/Fonts/Foundation.ttf"; sourceTree = "<group>"; fileEncoding = undefined; lastKnownFileType = unknown; explicitFileType = undefined; includeInIndex = 0; };
		945BDE3E522D45E2A5AD93F4 /* Ionicons.ttf */ = {isa = PBXFileReference; name = "Ionicons.ttf"; path = "../node_modules/react-native-vector-icons/Fonts/Ionicons.ttf"; sourceTree = "<group>"; fileEncoding = undefined; lastKnownFileType = unknown; explicitFileType = undefined; includeInIndex = 0; };
		07ADEEA475E844FA9EF2597E /* MaterialCommunityIcons.ttf */ = {isa = PBXFileReference; name = "MaterialCommunityIcons.ttf"; path = "../node_modules/react-native-vector-icons/Fonts/MaterialCommunityIcons.ttf"; sourceTree = "<group>"; fileEncoding = undefined; lastKnownFileType = unknown; explicitFileType = undefined; includeInIndex = 0; };
		C88C360A5FC8465DA09B2C96 /* MaterialIcons.ttf */ = {isa = PBXFileReference; name = "MaterialIcons.ttf"; path = "../node_modules/react-native-vector-icons/Fonts/MaterialIcons.ttf"; sourceTree = "<group>"; fileEncoding = undefined; lastKnownFileType = unknown; explicitFileType = undefined; includeInIndex = 0; };
		2FD779ABA6AA419191128366 /* Octicons.ttf */ = {isa = PBXFileReference; name = "Octicons.ttf"; path = "../node_modules/react-native-vector-icons/Fonts/Octicons.ttf"; sourceTree = "<group>"; fileEncoding = undefined; lastKnownFileType = unknown; explicitFileType = undefined; includeInIndex = 0; };
		CCA14BA328874816B3967ADD /* SimpleLineIcons.ttf */ = {isa = PBXFileReference; name = "SimpleLineIcons.ttf"; path = "../node_modules/react-native-vector-icons/Fonts/SimpleLineIcons.ttf"; sourceTree = "<group>"; fileEncoding = undefined; lastKnownFileType = unknown; explicitFileType = undefined; includeInIndex = 0; };
		50FD5D5FA5594255861FF98A /* Zocial.ttf */ = {isa = PBXFileReference; name = "Zocial.ttf"; path = "../node_modules/react-native-vector-icons/Fonts/Zocial.ttf"; sourceTree = "<group>"; fileEncoding = undefined; lastKnownFileType = unknown; explicitFileType = undefined; includeInIndex = 0; };
		F233EC57F1EB4EAB880B006C /* EBGaramond-BoldItalic.ttf */ = {isa = PBXFileReference; name = "EBGaramond-BoldItalic.ttf"; path = "../src/fonts/EB_Garamond/static/EBGaramond-BoldItalic.ttf"; sourceTree = "<group>"; fileEncoding = undefined; lastKnownFileType = unknown; explicitFileType = undefined; includeInIndex = 0; };
		6EC72B1C954F4C66B38889C7 /* EBGaramond-ExtraBold.ttf */ = {isa = PBXFileReference; name = "EBGaramond-ExtraBold.ttf"; path = "../src/fonts/EB_Garamond/static/EBGaramond-ExtraBold.ttf"; sourceTree = "<group>"; fileEncoding = undefined; lastKnownFileType = unknown; explicitFileType = undefined; includeInIndex = 0; };
		2CF4E31EA8E4445D85526C3A /* EBGaramond-ExtraBoldItalic.ttf */ = {isa = PBXFileReference; name = "EBGaramond-ExtraBoldItalic.ttf"; path = "../src/fonts/EB_Garamond/static/EBGaramond-ExtraBoldItalic.ttf"; sourceTree = "<group>"; fileEncoding = undefined; lastKnownFileType = unknown; explicitFileType = undefined; includeInIndex = 0; };
		84A7C6A3D98044B2A502AFFA /* EBGaramond-Italic.ttf */ = {isa = PBXFileReference; name = "EBGaramond-Italic.ttf"; path = "../src/fonts/EB_Garamond/static/EBGaramond-Italic.ttf"; sourceTree = "<group>"; fileEncoding = undefined; lastKnownFileType = unknown; explicitFileType = undefined; includeInIndex = 0; };
		8CBC87E2EEFE49308FF50883 /* EBGaramond-Medium.ttf */ = {isa = PBXFileReference; name = "EBGaramond-Medium.ttf"; path = "../src/fonts/EB_Garamond/static/EBGaramond-Medium.ttf"; sourceTree = "<group>"; fileEncoding = undefined; lastKnownFileType = unknown; explicitFileType = undefined; includeInIndex = 0; };
		B614E3AADC744644BB742967 /* EBGaramond-MediumItalic.ttf */ = {isa = PBXFileReference; name = "EBGaramond-MediumItalic.ttf"; path = "../src/fonts/EB_Garamond/static/EBGaramond-MediumItalic.ttf"; sourceTree = "<group>"; fileEncoding = undefined; lastKnownFileType = unknown; explicitFileType = undefined; includeInIndex = 0; };
		450D930A25094EA487C4BC2D /* EBGaramond-Regular.ttf */ = {isa = PBXFileReference; name = "EBGaramond-Regular.ttf"; path = "../src/fonts/EB_Garamond/static/EBGaramond-Regular.ttf"; sourceTree = "<group>"; fileEncoding = undefined; lastKnownFileType = unknown; explicitFileType = undefined; includeInIndex = 0; };
		68614A1F065747C8BCA3E476 /* EBGaramond-SemiBold.ttf */ = {isa = PBXFileReference; name = "EBGaramond-SemiBold.ttf"; path = "../src/fonts/EB_Garamond/static/EBGaramond-SemiBold.ttf"; sourceTree = "<group>"; fileEncoding = undefined; lastKnownFileType = unknown; explicitFileType = undefined; includeInIndex = 0; };
		35E3165BADA9408C8821CE19 /* EBGaramond-SemiBoldItalic.ttf */ = {isa = PBXFileReference; name = "EBGaramond-SemiBoldItalic.ttf"; path = "../src/fonts/EB_Garamond/static/EBGaramond-SemiBoldItalic.ttf"; sourceTree = "<group>"; fileEncoding = undefined; lastKnownFileType = unknown; explicitFileType = undefined; includeInIndex = 0; };
		97CF00737CDC4ED4933921A5 /* EBGaramond-Bold.ttf */ = {isa = PBXFileReference; name = "EBGaramond-Bold.ttf"; path = "../src/fonts/EBGaramond-Bold.ttf"; sourceTree = "<group>"; fileEncoding = undefined; lastKnownFileType = unknown; explicitFileType = undefined; includeInIndex = 0; };
		A697E680C5E24E66B7A3327B /* EBGaramond-Italic-VariableFont_wght.ttf */ = {isa = PBXFileReference; name = "EBGaramond-Italic-VariableFont_wght.ttf"; path = "../src/fonts/EBGaramond-Italic-VariableFont_wght.ttf"; sourceTree = "<group>"; fileEncoding = undefined; lastKnownFileType = unknown; explicitFileType = undefined; includeInIndex = 0; };
		D40F760B472D4D2A90154B74 /* EBGaramond-VariableFont_wght.ttf */ = {isa = PBXFileReference; name = "EBGaramond-VariableFont_wght.ttf"; path = "../src/fonts/EBGaramond-VariableFont_wght.ttf"; sourceTree = "<group>"; fileEncoding = undefined; lastKnownFileType = unknown; explicitFileType = undefined; includeInIndex = 0; };
/* End PBXFileReference section */

/* Begin PBXFrameworksBuildPhase section */
		00E356EB1AD99517003FC87E /* Frameworks */ = {
			isa = PBXFrameworksBuildPhase;
			buildActionMask = 2147483647;
			files = (
				7EF68E3733C33B6898317E18 /* libPods-AmazoneClone-AmazoneCloneTests.a in Frameworks */,
			);
			runOnlyForDeploymentPostprocessing = 0;
		};
		13B07F8C1A680F5B00A75B9A /* Frameworks */ = {
			isa = PBXFrameworksBuildPhase;
			buildActionMask = 2147483647;
			files = (
				6172F2D35A4C3AA820D92908 /* libPods-AmazoneClone.a in Frameworks */,
			);
			runOnlyForDeploymentPostprocessing = 0;
		};
/* End PBXFrameworksBuildPhase section */

/* Begin PBXGroup section */
		00E356EF1AD99517003FC87E /* AmazoneCloneTests */ = {
			isa = PBXGroup;
			children = (
				00E356F21AD99517003FC87E /* AmazoneCloneTests.m */,
				00E356F01AD99517003FC87E /* Supporting Files */,
			);
			path = AmazoneCloneTests;
			sourceTree = "<group>";
		};
		00E356F01AD99517003FC87E /* Supporting Files */ = {
			isa = PBXGroup;
			children = (
				00E356F11AD99517003FC87E /* Info.plist */,
			);
			name = "Supporting Files";
			sourceTree = "<group>";
		};
		13B07FAE1A68108700A75B9A /* AmazoneClone */ = {
			isa = PBXGroup;
			children = (
				13B07FAF1A68108700A75B9A /* AppDelegate.h */,
				13B07FB01A68108700A75B9A /* AppDelegate.m */,
				13B07FB51A68108700A75B9A /* Images.xcassets */,
				13B07FB61A68108700A75B9A /* Info.plist */,
				81AB9BB72411601600AC10FF /* LaunchScreen.storyboard */,
				13B07FB71A68108700A75B9A /* main.m */,
			);
			name = AmazoneClone;
			sourceTree = "<group>";
		};
		2D16E6871FA4F8E400B85C8A /* Frameworks */ = {
			isa = PBXGroup;
			children = (
				ED297162215061F000B7C4FE /* JavaScriptCore.framework */,
				6423831EA8574132BED9D8CC /* libPods-AmazoneClone.a */,
				ABFE59519B596E51CEFDCCC0 /* libPods-AmazoneClone-AmazoneCloneTests.a */,
			);
			name = Frameworks;
			sourceTree = "<group>";
		};
		832341AE1AAA6A7D00B99B32 /* Libraries */ = {
			isa = PBXGroup;
			children = (
			);
			name = Libraries;
			sourceTree = "<group>";
		};
		83CBB9F61A601CBA00E9B192 = {
			isa = PBXGroup;
			children = (
				13B07FAE1A68108700A75B9A /* AmazoneClone */,
				832341AE1AAA6A7D00B99B32 /* Libraries */,
				00E356EF1AD99517003FC87E /* AmazoneCloneTests */,
				83CBBA001A601CBA00E9B192 /* Products */,
				2D16E6871FA4F8E400B85C8A /* Frameworks */,
				E233CBF5F47BEE60B243DCF8 /* Pods */,
				6A83390EF60F42DB95DC1467 /* Resources */,
			);
			indentWidth = 2;
			sourceTree = "<group>";
			tabWidth = 2;
			usesTabs = 0;
		};
		83CBBA001A601CBA00E9B192 /* Products */ = {
			isa = PBXGroup;
			children = (
				13B07F961A680F5B00A75B9A /* AmazoneClone.app */,
				00E356EE1AD99517003FC87E /* AmazoneCloneTests.xctest */,
			);
			name = Products;
			sourceTree = "<group>";
		};
		E233CBF5F47BEE60B243DCF8 /* Pods */ = {
			isa = PBXGroup;
			children = (
				C0A881CF5CF3F2B244570E2A /* Pods-AmazoneClone.debug.xcconfig */,
				D00AAFFCFCFDA5787532823F /* Pods-AmazoneClone.release.xcconfig */,
				6C97AB639B58BBB4B15BBE30 /* Pods-AmazoneClone-AmazoneCloneTests.debug.xcconfig */,
				1D0AE47A65C8663E3B452821 /* Pods-AmazoneClone-AmazoneCloneTests.release.xcconfig */,
			);
			name = Pods;
			path = Pods;
			sourceTree = "<group>";
		};
		6A83390EF60F42DB95DC1467 /* Resources */ = {
			isa = "PBXGroup";
			children = (
				74656368D7EE4BDB84E7AE2C /* PressStart2P-Regular.ttf */,
				C6C5D6A014D544F998605265 /* AntDesign.ttf */,
				3DC76EA204904F408E9EFEBD /* Entypo.ttf */,
				78C5FEECDF364675A8EDF5E9 /* EvilIcons.ttf */,
				D8928D8D4FB74DF6BC446B48 /* Feather.ttf */,
				814CA807480846138BAAEDE7 /* FontAwesome.ttf */,
				368E2BEB50F54888AABDF305 /* FontAwesome5_Brands.ttf */,
				E4C929C9C3BD47F1A78EDF2D /* FontAwesome5_Regular.ttf */,
				7EFBB979740E4BAE8A46D686 /* FontAwesome5_Solid.ttf */,
				CD47E83837AC43A8B864EE53 /* Fontisto.ttf */,
				B61083A25D414C949DB80D46 /* Foundation.ttf */,
				945BDE3E522D45E2A5AD93F4 /* Ionicons.ttf */,
				07ADEEA475E844FA9EF2597E /* MaterialCommunityIcons.ttf */,
				C88C360A5FC8465DA09B2C96 /* MaterialIcons.ttf */,
				2FD779ABA6AA419191128366 /* Octicons.ttf */,
				CCA14BA328874816B3967ADD /* SimpleLineIcons.ttf */,
				50FD5D5FA5594255861FF98A /* Zocial.ttf */,
				F233EC57F1EB4EAB880B006C /* EBGaramond-BoldItalic.ttf */,
				6EC72B1C954F4C66B38889C7 /* EBGaramond-ExtraBold.ttf */,
				2CF4E31EA8E4445D85526C3A /* EBGaramond-ExtraBoldItalic.ttf */,
				84A7C6A3D98044B2A502AFFA /* EBGaramond-Italic.ttf */,
				8CBC87E2EEFE49308FF50883 /* EBGaramond-Medium.ttf */,
				B614E3AADC744644BB742967 /* EBGaramond-MediumItalic.ttf */,
				450D930A25094EA487C4BC2D /* EBGaramond-Regular.ttf */,
				68614A1F065747C8BCA3E476 /* EBGaramond-SemiBold.ttf */,
				35E3165BADA9408C8821CE19 /* EBGaramond-SemiBoldItalic.ttf */,
				97CF00737CDC4ED4933921A5 /* EBGaramond-Bold.ttf */,
				A697E680C5E24E66B7A3327B /* EBGaramond-Italic-VariableFont_wght.ttf */,
				D40F760B472D4D2A90154B74 /* EBGaramond-VariableFont_wght.ttf */,
			);
			name = Resources;
			sourceTree = "<group>";
			path = "";
		};
/* End PBXGroup section */

/* Begin PBXNativeTarget section */
		00E356ED1AD99517003FC87E /* AmazoneCloneTests */ = {
			isa = PBXNativeTarget;
			buildConfigurationList = 00E357021AD99517003FC87E /* Build configuration list for PBXNativeTarget "AmazoneCloneTests" */;
			buildPhases = (
				A130D646172E58E1D159D8F2 /* [CP] Check Pods Manifest.lock */,
				00E356EA1AD99517003FC87E /* Sources */,
				00E356EB1AD99517003FC87E /* Frameworks */,
				00E356EC1AD99517003FC87E /* Resources */,
				077E01280D4B4AD18B2E1770 /* [CP] Embed Pods Frameworks */,
				4E62BDF20514810D028A5FBF /* [CP] Copy Pods Resources */,
			);
			buildRules = (
			);
			dependencies = (
				00E356F51AD99517003FC87E /* PBXTargetDependency */,
			);
			name = AmazoneCloneTests;
			productName = AmazoneCloneTests;
			productReference = 00E356EE1AD99517003FC87E /* AmazoneCloneTests.xctest */;
			productType = "com.apple.product-type.bundle.unit-test";
		};
		13B07F861A680F5B00A75B9A /* AmazoneClone */ = {
			isa = PBXNativeTarget;
			buildConfigurationList = 13B07F931A680F5B00A75B9A /* Build configuration list for PBXNativeTarget "AmazoneClone" */;
			buildPhases = (
				3E482C27206C4DEF2FE45063 /* [CP] Check Pods Manifest.lock */,
				FD10A7F022414F080027D42C /* Start Packager */,
				13B07F871A680F5B00A75B9A /* Sources */,
				13B07F8C1A680F5B00A75B9A /* Frameworks */,
				13B07F8E1A680F5B00A75B9A /* Resources */,
				00DD1BFF1BD5951E006B06BC /* Bundle React Native code and images */,
				C8AC78B0264D0F9F6F6D630E /* [CP] Embed Pods Frameworks */,
				ADC9DDC32298B72B3CF5DC8E /* [CP] Copy Pods Resources */,
			);
			buildRules = (
			);
			dependencies = (
			);
			name = AmazoneClone;
			productName = AmazoneClone;
			productReference = 13B07F961A680F5B00A75B9A /* AmazoneClone.app */;
			productType = "com.apple.product-type.application";
		};
/* End PBXNativeTarget section */

/* Begin PBXProject section */
		83CBB9F71A601CBA00E9B192 /* Project object */ = {
			isa = PBXProject;
			attributes = {
				LastUpgradeCheck = 1210;
				TargetAttributes = {
					00E356ED1AD99517003FC87E = {
						CreatedOnToolsVersion = 6.2;
						TestTargetID = 13B07F861A680F5B00A75B9A;
					};
					13B07F861A680F5B00A75B9A = {
						LastSwiftMigration = 1120;
					};
				};
			};
			buildConfigurationList = 83CBB9FA1A601CBA00E9B192 /* Build configuration list for PBXProject "AmazoneClone" */;
			compatibilityVersion = "Xcode 12.0";
			developmentRegion = en;
			hasScannedForEncodings = 0;
			knownRegions = (
				en,
				Base,
			);
			mainGroup = 83CBB9F61A601CBA00E9B192;
			productRefGroup = 83CBBA001A601CBA00E9B192 /* Products */;
			projectDirPath = "";
			projectRoot = "";
			targets = (
				13B07F861A680F5B00A75B9A /* AmazoneClone */,
				00E356ED1AD99517003FC87E /* AmazoneCloneTests */,
			);
		};
/* End PBXProject section */

/* Begin PBXResourcesBuildPhase section */
		00E356EC1AD99517003FC87E /* Resources */ = {
			isa = PBXResourcesBuildPhase;
			buildActionMask = 2147483647;
			files = (
			);
			runOnlyForDeploymentPostprocessing = 0;
		};
		13B07F8E1A680F5B00A75B9A /* Resources */ = {
			isa = PBXResourcesBuildPhase;
			buildActionMask = 2147483647;
			files = (
				81AB9BB82411601600AC10FF /* LaunchScreen.storyboard in Resources */,
				13B07FBF1A68108700A75B9A /* Images.xcassets in Resources */,
				1BC4F28EA23348C182E2E6AF /* PressStart2P-Regular.ttf in Resources */,
				A40D1EFBE9FF4888BBC34171 /* AntDesign.ttf in Resources */,
				26ABBEB42BCF4B1DB8202D14 /* Entypo.ttf in Resources */,
				BE3A73F97DA9478FA1E6C63D /* EvilIcons.ttf in Resources */,
				997CF2E880544865B7C6BDA4 /* Feather.ttf in Resources */,
				6B359B05C2D9447C87170740 /* FontAwesome.ttf in Resources */,
				2E1D25D63D2F4CFC854024D6 /* FontAwesome5_Brands.ttf in Resources */,
				1C26397FD50A4971ACE57B2F /* FontAwesome5_Regular.ttf in Resources */,
				2E5CC3B4EC854D5A9431260D /* FontAwesome5_Solid.ttf in Resources */,
				C4AB427879FB418CA4C5E299 /* Fontisto.ttf in Resources */,
				2E5AF786716549CB87465783 /* Foundation.ttf in Resources */,
				9F224D89C707439294F8D69C /* Ionicons.ttf in Resources */,
				C11B066084734679AD438CFA /* MaterialCommunityIcons.ttf in Resources */,
				C0F1D84771504CA8AE972EE4 /* MaterialIcons.ttf in Resources */,
				52F6B5224A9441B6826FEFEF /* Octicons.ttf in Resources */,
				9B84981F7F934BEA95575FBA /* SimpleLineIcons.ttf in Resources */,
				81F46E1A77894A6190BD7212 /* Zocial.ttf in Resources */,
				F6591106399B415F9301C8E7 /* EBGaramond-BoldItalic.ttf in Resources */,
				C0E9990357324C1EAE79D0DF /* EBGaramond-ExtraBold.ttf in Resources */,
				8065BCDEE4BF4AF7ACA607D3 /* EBGaramond-ExtraBoldItalic.ttf in Resources */,
				934790262DA74F54B68CA646 /* EBGaramond-Italic.ttf in Resources */,
				9B106A7CAFB54167919FDCCB /* EBGaramond-Medium.ttf in Resources */,
				B9369BCA11044C38A23DFED1 /* EBGaramond-MediumItalic.ttf in Resources */,
				8E9D4845545146CA9076E569 /* EBGaramond-Regular.ttf in Resources */,
				3F2204E920EF42EA97E4ECD2 /* EBGaramond-SemiBold.ttf in Resources */,
				CA6C9C5A05E943CFA05E3233 /* EBGaramond-SemiBoldItalic.ttf in Resources */,
				FA0F368F470F4276AEAB26F5 /* EBGaramond-Bold.ttf in Resources */,
				4181F061C23449ED906FD8EC /* EBGaramond-Italic-VariableFont_wght.ttf in Resources */,
				32A0C5BE4A6743189E479F11 /* EBGaramond-VariableFont_wght.ttf in Resources */,
			);
			runOnlyForDeploymentPostprocessing = 0;
		};
/* End PBXResourcesBuildPhase section */

/* Begin PBXShellScriptBuildPhase section */
		00DD1BFF1BD5951E006B06BC /* Bundle React Native code and images */ = {
			isa = PBXShellScriptBuildPhase;
			buildActionMask = 2147483647;
			files = (
			);
			inputPaths = (
			);
			name = "Bundle React Native code and images";
			outputPaths = (
			);
			runOnlyForDeploymentPostprocessing = 0;
			shellPath = /bin/sh;
			shellScript = "set -e\n\nexport NODE_BINARY=node\n../node_modules/react-native/scripts/react-native-xcode.sh\n";
		};
		077E01280D4B4AD18B2E1770 /* [CP] Embed Pods Frameworks */ = {
			isa = PBXShellScriptBuildPhase;
			buildActionMask = 2147483647;
			files = (
			);
			inputFileListPaths = (
				"${PODS_ROOT}/Target Support Files/Pods-AmazoneClone-AmazoneCloneTests/Pods-AmazoneClone-AmazoneCloneTests-frameworks-${CONFIGURATION}-input-files.xcfilelist",
			);
			name = "[CP] Embed Pods Frameworks";
			outputFileListPaths = (
				"${PODS_ROOT}/Target Support Files/Pods-AmazoneClone-AmazoneCloneTests/Pods-AmazoneClone-AmazoneCloneTests-frameworks-${CONFIGURATION}-output-files.xcfilelist",
			);
			runOnlyForDeploymentPostprocessing = 0;
			shellPath = /bin/sh;
			shellScript = "\"${PODS_ROOT}/Target Support Files/Pods-AmazoneClone-AmazoneCloneTests/Pods-AmazoneClone-AmazoneCloneTests-frameworks.sh\"\n";
			showEnvVarsInLog = 0;
		};
		3E482C27206C4DEF2FE45063 /* [CP] Check Pods Manifest.lock */ = {
			isa = PBXShellScriptBuildPhase;
			buildActionMask = 2147483647;
			files = (
			);
			inputFileListPaths = (
			);
			inputPaths = (
				"${PODS_PODFILE_DIR_PATH}/Podfile.lock",
				"${PODS_ROOT}/Manifest.lock",
			);
			name = "[CP] Check Pods Manifest.lock";
			outputFileListPaths = (
			);
			outputPaths = (
				"$(DERIVED_FILE_DIR)/Pods-AmazoneClone-checkManifestLockResult.txt",
			);
			runOnlyForDeploymentPostprocessing = 0;
			shellPath = /bin/sh;
			shellScript = "diff \"${PODS_PODFILE_DIR_PATH}/Podfile.lock\" \"${PODS_ROOT}/Manifest.lock\" > /dev/null\nif [ $? != 0 ] ; then\n    # print error to STDERR\n    echo \"error: The sandbox is not in sync with the Podfile.lock. Run 'pod install' or update your CocoaPods installation.\" >&2\n    exit 1\nfi\n# This output is used by Xcode 'outputs' to avoid re-running this script phase.\necho \"SUCCESS\" > \"${SCRIPT_OUTPUT_FILE_0}\"\n";
			showEnvVarsInLog = 0;
		};
		4E62BDF20514810D028A5FBF /* [CP] Copy Pods Resources */ = {
			isa = PBXShellScriptBuildPhase;
			buildActionMask = 2147483647;
			files = (
			);
			inputFileListPaths = (
				"${PODS_ROOT}/Target Support Files/Pods-AmazoneClone-AmazoneCloneTests/Pods-AmazoneClone-AmazoneCloneTests-resources-${CONFIGURATION}-input-files.xcfilelist",
			);
			name = "[CP] Copy Pods Resources";
			outputFileListPaths = (
				"${PODS_ROOT}/Target Support Files/Pods-AmazoneClone-AmazoneCloneTests/Pods-AmazoneClone-AmazoneCloneTests-resources-${CONFIGURATION}-output-files.xcfilelist",
			);
			runOnlyForDeploymentPostprocessing = 0;
			shellPath = /bin/sh;
			shellScript = "\"${PODS_ROOT}/Target Support Files/Pods-AmazoneClone-AmazoneCloneTests/Pods-AmazoneClone-AmazoneCloneTests-resources.sh\"\n";
			showEnvVarsInLog = 0;
		};
		A130D646172E58E1D159D8F2 /* [CP] Check Pods Manifest.lock */ = {
			isa = PBXShellScriptBuildPhase;
			buildActionMask = 2147483647;
			files = (
			);
			inputFileListPaths = (
			);
			inputPaths = (
				"${PODS_PODFILE_DIR_PATH}/Podfile.lock",
				"${PODS_ROOT}/Manifest.lock",
			);
			name = "[CP] Check Pods Manifest.lock";
			outputFileListPaths = (
			);
			outputPaths = (
				"$(DERIVED_FILE_DIR)/Pods-AmazoneClone-AmazoneCloneTests-checkManifestLockResult.txt",
			);
			runOnlyForDeploymentPostprocessing = 0;
			shellPath = /bin/sh;
			shellScript = "diff \"${PODS_PODFILE_DIR_PATH}/Podfile.lock\" \"${PODS_ROOT}/Manifest.lock\" > /dev/null\nif [ $? != 0 ] ; then\n    # print error to STDERR\n    echo \"error: The sandbox is not in sync with the Podfile.lock. Run 'pod install' or update your CocoaPods installation.\" >&2\n    exit 1\nfi\n# This output is used by Xcode 'outputs' to avoid re-running this script phase.\necho \"SUCCESS\" > \"${SCRIPT_OUTPUT_FILE_0}\"\n";
			showEnvVarsInLog = 0;
		};
		ADC9DDC32298B72B3CF5DC8E /* [CP] Copy Pods Resources */ = {
			isa = PBXShellScriptBuildPhase;
			buildActionMask = 2147483647;
			files = (
			);
			inputFileListPaths = (
				"${PODS_ROOT}/Target Support Files/Pods-AmazoneClone/Pods-AmazoneClone-resources-${CONFIGURATION}-input-files.xcfilelist",
			);
			name = "[CP] Copy Pods Resources";
			outputFileListPaths = (
				"${PODS_ROOT}/Target Support Files/Pods-AmazoneClone/Pods-AmazoneClone-resources-${CONFIGURATION}-output-files.xcfilelist",
			);
			runOnlyForDeploymentPostprocessing = 0;
			shellPath = /bin/sh;
			shellScript = "\"${PODS_ROOT}/Target Support Files/Pods-AmazoneClone/Pods-AmazoneClone-resources.sh\"\n";
			showEnvVarsInLog = 0;
		};
		C8AC78B0264D0F9F6F6D630E /* [CP] Embed Pods Frameworks */ = {
			isa = PBXShellScriptBuildPhase;
			buildActionMask = 2147483647;
			files = (
			);
			inputFileListPaths = (
				"${PODS_ROOT}/Target Support Files/Pods-AmazoneClone/Pods-AmazoneClone-frameworks-${CONFIGURATION}-input-files.xcfilelist",
			);
			name = "[CP] Embed Pods Frameworks";
			outputFileListPaths = (
				"${PODS_ROOT}/Target Support Files/Pods-AmazoneClone/Pods-AmazoneClone-frameworks-${CONFIGURATION}-output-files.xcfilelist",
			);
			runOnlyForDeploymentPostprocessing = 0;
			shellPath = /bin/sh;
			shellScript = "\"${PODS_ROOT}/Target Support Files/Pods-AmazoneClone/Pods-AmazoneClone-frameworks.sh\"\n";
			showEnvVarsInLog = 0;
		};
		FD10A7F022414F080027D42C /* Start Packager */ = {
			isa = PBXShellScriptBuildPhase;
			buildActionMask = 2147483647;
			files = (
			);
			inputFileListPaths = (
			);
			inputPaths = (
			);
			name = "Start Packager";
			outputFileListPaths = (
			);
			outputPaths = (
			);
			runOnlyForDeploymentPostprocessing = 0;
			shellPath = /bin/sh;
			shellScript = "export RCT_METRO_PORT=\"${RCT_METRO_PORT:=8081}\"\necho \"export RCT_METRO_PORT=${RCT_METRO_PORT}\" > \"${SRCROOT}/../node_modules/react-native/scripts/.packager.env\"\nif [ -z \"${RCT_NO_LAUNCH_PACKAGER+xxx}\" ] ; then\n  if nc -w 5 -z localhost ${RCT_METRO_PORT} ; then\n    if ! curl -s \"http://localhost:${RCT_METRO_PORT}/status\" | grep -q \"packager-status:running\" ; then\n      echo \"Port ${RCT_METRO_PORT} already in use, packager is either not running or not running correctly\"\n      exit 2\n    fi\n  else\n    open \"$SRCROOT/../node_modules/react-native/scripts/launchPackager.command\" || echo \"Can't start packager automatically\"\n  fi\nfi\n";
			showEnvVarsInLog = 0;
		};
/* End PBXShellScriptBuildPhase section */

/* Begin PBXSourcesBuildPhase section */
		00E356EA1AD99517003FC87E /* Sources */ = {
			isa = PBXSourcesBuildPhase;
			buildActionMask = 2147483647;
			files = (
				00E356F31AD99517003FC87E /* AmazoneCloneTests.m in Sources */,
			);
			runOnlyForDeploymentPostprocessing = 0;
		};
		13B07F871A680F5B00A75B9A /* Sources */ = {
			isa = PBXSourcesBuildPhase;
			buildActionMask = 2147483647;
			files = (
				13B07FBC1A68108700A75B9A /* AppDelegate.m in Sources */,
				13B07FC11A68108700A75B9A /* main.m in Sources */,
			);
			runOnlyForDeploymentPostprocessing = 0;
		};
/* End PBXSourcesBuildPhase section */

/* Begin PBXTargetDependency section */
		00E356F51AD99517003FC87E /* PBXTargetDependency */ = {
			isa = PBXTargetDependency;
			target = 13B07F861A680F5B00A75B9A /* AmazoneClone */;
			targetProxy = 00E356F41AD99517003FC87E /* PBXContainerItemProxy */;
		};
/* End PBXTargetDependency section */

/* Begin XCBuildConfiguration section */
		00E356F61AD99517003FC87E /* Debug */ = {
			isa = XCBuildConfiguration;
			baseConfigurationReference = 6C97AB639B58BBB4B15BBE30 /* Pods-AmazoneClone-AmazoneCloneTests.debug.xcconfig */;
			buildSettings = {
				BUNDLE_LOADER = "$(TEST_HOST)";
				GCC_PREPROCESSOR_DEFINITIONS = (
					"DEBUG=1",
					"$(inherited)",
				);
				INFOPLIST_FILE = AmazoneCloneTests/Info.plist;
				IPHONEOS_DEPLOYMENT_TARGET = 11.0;
				LD_RUNPATH_SEARCH_PATHS = (
					"$(inherited)",
					"@executable_path/Frameworks",
					"@loader_path/Frameworks",
				);
				OTHER_LDFLAGS = (
					"-ObjC",
					"-lc++",
					"$(inherited)",
				);
				PRODUCT_BUNDLE_IDENTIFIER = "org.reactjs.native.example.$(PRODUCT_NAME:rfc1034identifier)";
				PRODUCT_NAME = "$(TARGET_NAME)";
				TEST_HOST = "$(BUILT_PRODUCTS_DIR)/AmazoneClone.app/AmazoneClone";
			};
			name = Debug;
		};
		00E356F71AD99517003FC87E /* Release */ = {
			isa = XCBuildConfiguration;
			baseConfigurationReference = 1D0AE47A65C8663E3B452821 /* Pods-AmazoneClone-AmazoneCloneTests.release.xcconfig */;
			buildSettings = {
				BUNDLE_LOADER = "$(TEST_HOST)";
				COPY_PHASE_STRIP = NO;
				INFOPLIST_FILE = AmazoneCloneTests/Info.plist;
				IPHONEOS_DEPLOYMENT_TARGET = 11.0;
				LD_RUNPATH_SEARCH_PATHS = (
					"$(inherited)",
					"@executable_path/Frameworks",
					"@loader_path/Frameworks",
				);
				OTHER_LDFLAGS = (
					"-ObjC",
					"-lc++",
					"$(inherited)",
				);
				PRODUCT_BUNDLE_IDENTIFIER = "org.reactjs.native.example.$(PRODUCT_NAME:rfc1034identifier)";
				PRODUCT_NAME = "$(TARGET_NAME)";
				TEST_HOST = "$(BUILT_PRODUCTS_DIR)/AmazoneClone.app/AmazoneClone";
			};
			name = Release;
		};
		13B07F941A680F5B00A75B9A /* Debug */ = {
			isa = XCBuildConfiguration;
			baseConfigurationReference = C0A881CF5CF3F2B244570E2A /* Pods-AmazoneClone.debug.xcconfig */;
			buildSettings = {
				ASSETCATALOG_COMPILER_APPICON_NAME = AppIcon;
				CLANG_ENABLE_MODULES = YES;
				CURRENT_PROJECT_VERSION = 1;
				ENABLE_BITCODE = NO;
				INFOPLIST_FILE = AmazoneClone/Info.plist;
				LD_RUNPATH_SEARCH_PATHS = (
					"$(inherited)",
					"@executable_path/Frameworks",
				);
				OTHER_LDFLAGS = (
					"$(inherited)",
					"-ObjC",
					"-lc++",
				);
				PRODUCT_BUNDLE_IDENTIFIER = "org.reactjs.native.example.$(PRODUCT_NAME:rfc1034identifier)";
				PRODUCT_NAME = AmazoneClone;
				SWIFT_OPTIMIZATION_LEVEL = "-Onone";
				SWIFT_VERSION = 5.0;
				VERSIONING_SYSTEM = "apple-generic";
			};
			name = Debug;
		};
		13B07F951A680F5B00A75B9A /* Release */ = {
			isa = XCBuildConfiguration;
			baseConfigurationReference = D00AAFFCFCFDA5787532823F /* Pods-AmazoneClone.release.xcconfig */;
			buildSettings = {
				ASSETCATALOG_COMPILER_APPICON_NAME = AppIcon;
				CLANG_ENABLE_MODULES = YES;
				CURRENT_PROJECT_VERSION = 1;
				INFOPLIST_FILE = AmazoneClone/Info.plist;
				LD_RUNPATH_SEARCH_PATHS = (
					"$(inherited)",
					"@executable_path/Frameworks",
				);
				OTHER_LDFLAGS = (
					"$(inherited)",
					"-ObjC",
					"-lc++",
				);
				PRODUCT_BUNDLE_IDENTIFIER = "org.reactjs.native.example.$(PRODUCT_NAME:rfc1034identifier)";
				PRODUCT_NAME = AmazoneClone;
				SWIFT_VERSION = 5.0;
				VERSIONING_SYSTEM = "apple-generic";
			};
			name = Release;
		};
		83CBBA201A601CBA00E9B192 /* Debug */ = {
			isa = XCBuildConfiguration;
			buildSettings = {
				ALWAYS_SEARCH_USER_PATHS = NO;
				CLANG_ANALYZER_LOCALIZABILITY_NONLOCALIZED = YES;
				CLANG_CXX_LANGUAGE_STANDARD = "gnu++0x";
				CLANG_CXX_LIBRARY = "libc++";
				CLANG_ENABLE_MODULES = YES;
				CLANG_ENABLE_OBJC_ARC = YES;
				CLANG_WARN_BLOCK_CAPTURE_AUTORELEASING = YES;
				CLANG_WARN_BOOL_CONVERSION = YES;
				CLANG_WARN_COMMA = YES;
				CLANG_WARN_CONSTANT_CONVERSION = YES;
				CLANG_WARN_DEPRECATED_OBJC_IMPLEMENTATIONS = YES;
				CLANG_WARN_DIRECT_OBJC_ISA_USAGE = YES_ERROR;
				CLANG_WARN_EMPTY_BODY = YES;
				CLANG_WARN_ENUM_CONVERSION = YES;
				CLANG_WARN_INFINITE_RECURSION = YES;
				CLANG_WARN_INT_CONVERSION = YES;
				CLANG_WARN_NON_LITERAL_NULL_CONVERSION = YES;
				CLANG_WARN_OBJC_IMPLICIT_RETAIN_SELF = YES;
				CLANG_WARN_OBJC_LITERAL_CONVERSION = YES;
				CLANG_WARN_OBJC_ROOT_CLASS = YES_ERROR;
				CLANG_WARN_QUOTED_INCLUDE_IN_FRAMEWORK_HEADER = YES;
				CLANG_WARN_RANGE_LOOP_ANALYSIS = YES;
				CLANG_WARN_STRICT_PROTOTYPES = YES;
				CLANG_WARN_SUSPICIOUS_MOVE = YES;
				CLANG_WARN_UNREACHABLE_CODE = YES;
				CLANG_WARN__DUPLICATE_METHOD_MATCH = YES;
				"CODE_SIGN_IDENTITY[sdk=iphoneos*]" = "iPhone Developer";
				COPY_PHASE_STRIP = NO;
				ENABLE_STRICT_OBJC_MSGSEND = YES;
				ENABLE_TESTABILITY = YES;
				"EXCLUDED_ARCHS[sdk=iphonesimulator*]" = "";
				GCC_C_LANGUAGE_STANDARD = gnu99;
				GCC_DYNAMIC_NO_PIC = NO;
				GCC_NO_COMMON_BLOCKS = YES;
				GCC_OPTIMIZATION_LEVEL = 0;
				GCC_PREPROCESSOR_DEFINITIONS = (
					"DEBUG=1",
					"$(inherited)",
				);
				GCC_SYMBOLS_PRIVATE_EXTERN = NO;
				GCC_WARN_64_TO_32_BIT_CONVERSION = YES;
				GCC_WARN_ABOUT_RETURN_TYPE = YES_ERROR;
				GCC_WARN_UNDECLARED_SELECTOR = YES;
				GCC_WARN_UNINITIALIZED_AUTOS = YES_AGGRESSIVE;
				GCC_WARN_UNUSED_FUNCTION = YES;
				GCC_WARN_UNUSED_VARIABLE = YES;
				IPHONEOS_DEPLOYMENT_TARGET = 11.0;
				LD_RUNPATH_SEARCH_PATHS = (
					/usr/lib/swift,
					"$(inherited)",
				);
				LIBRARY_SEARCH_PATHS = (
					"\"$(SDKROOT)/usr/lib/swift\"",
					"\"$(TOOLCHAIN_DIR)/usr/lib/swift/$(PLATFORM_NAME)\"",
					"\"$(inherited)\"",
				);
				MTL_ENABLE_DEBUG_INFO = YES;
				ONLY_ACTIVE_ARCH = YES;
				SDKROOT = iphoneos;
			};
			name = Debug;
		};
		83CBBA211A601CBA00E9B192 /* Release */ = {
			isa = XCBuildConfiguration;
			buildSettings = {
				ALWAYS_SEARCH_USER_PATHS = NO;
				CLANG_ANALYZER_LOCALIZABILITY_NONLOCALIZED = YES;
				CLANG_CXX_LANGUAGE_STANDARD = "gnu++0x";
				CLANG_CXX_LIBRARY = "libc++";
				CLANG_ENABLE_MODULES = YES;
				CLANG_ENABLE_OBJC_ARC = YES;
				CLANG_WARN_BLOCK_CAPTURE_AUTORELEASING = YES;
				CLANG_WARN_BOOL_CONVERSION = YES;
				CLANG_WARN_COMMA = YES;
				CLANG_WARN_CONSTANT_CONVERSION = YES;
				CLANG_WARN_DEPRECATED_OBJC_IMPLEMENTATIONS = YES;
				CLANG_WARN_DIRECT_OBJC_ISA_USAGE = YES_ERROR;
				CLANG_WARN_EMPTY_BODY = YES;
				CLANG_WARN_ENUM_CONVERSION = YES;
				CLANG_WARN_INFINITE_RECURSION = YES;
				CLANG_WARN_INT_CONVERSION = YES;
				CLANG_WARN_NON_LITERAL_NULL_CONVERSION = YES;
				CLANG_WARN_OBJC_IMPLICIT_RETAIN_SELF = YES;
				CLANG_WARN_OBJC_LITERAL_CONVERSION = YES;
				CLANG_WARN_OBJC_ROOT_CLASS = YES_ERROR;
				CLANG_WARN_QUOTED_INCLUDE_IN_FRAMEWORK_HEADER = YES;
				CLANG_WARN_RANGE_LOOP_ANALYSIS = YES;
				CLANG_WARN_STRICT_PROTOTYPES = YES;
				CLANG_WARN_SUSPICIOUS_MOVE = YES;
				CLANG_WARN_UNREACHABLE_CODE = YES;
				CLANG_WARN__DUPLICATE_METHOD_MATCH = YES;
				"CODE_SIGN_IDENTITY[sdk=iphoneos*]" = "iPhone Developer";
				COPY_PHASE_STRIP = YES;
				ENABLE_NS_ASSERTIONS = NO;
				ENABLE_STRICT_OBJC_MSGSEND = YES;
				"EXCLUDED_ARCHS[sdk=iphonesimulator*]" = "";
				GCC_C_LANGUAGE_STANDARD = gnu99;
				GCC_NO_COMMON_BLOCKS = YES;
				GCC_WARN_64_TO_32_BIT_CONVERSION = YES;
				GCC_WARN_ABOUT_RETURN_TYPE = YES_ERROR;
				GCC_WARN_UNDECLARED_SELECTOR = YES;
				GCC_WARN_UNINITIALIZED_AUTOS = YES_AGGRESSIVE;
				GCC_WARN_UNUSED_FUNCTION = YES;
				GCC_WARN_UNUSED_VARIABLE = YES;
				IPHONEOS_DEPLOYMENT_TARGET = 11.0;
				LD_RUNPATH_SEARCH_PATHS = (
					/usr/lib/swift,
					"$(inherited)",
				);
				LIBRARY_SEARCH_PATHS = (
					"\"$(SDKROOT)/usr/lib/swift\"",
					"\"$(TOOLCHAIN_DIR)/usr/lib/swift/$(PLATFORM_NAME)\"",
					"\"$(inherited)\"",
				);
				MTL_ENABLE_DEBUG_INFO = NO;
				SDKROOT = iphoneos;
				VALIDATE_PRODUCT = YES;
			};
			name = Release;
		};
/* End XCBuildConfiguration section */

/* Begin XCConfigurationList section */
		00E357021AD99517003FC87E /* Build configuration list for PBXNativeTarget "AmazoneCloneTests" */ = {
			isa = XCConfigurationList;
			buildConfigurations = (
				00E356F61AD99517003FC87E /* Debug */,
				00E356F71AD99517003FC87E /* Release */,
			);
			defaultConfigurationIsVisible = 0;
			defaultConfigurationName = Release;
		};
		13B07F931A680F5B00A75B9A /* Build configuration list for PBXNativeTarget "AmazoneClone" */ = {
			isa = XCConfigurationList;
			buildConfigurations = (
				13B07F941A680F5B00A75B9A /* Debug */,
				13B07F951A680F5B00A75B9A /* Release */,
			);
			defaultConfigurationIsVisible = 0;
			defaultConfigurationName = Release;
		};
		83CBB9FA1A601CBA00E9B192 /* Build configuration list for PBXProject "AmazoneClone" */ = {
			isa = XCConfigurationList;
			buildConfigurations = (
				83CBBA201A601CBA00E9B192 /* Debug */,
				83CBBA211A601CBA00E9B192 /* Release */,
			);
			defaultConfigurationIsVisible = 0;
			defaultConfigurationName = Release;
		};
/* End XCConfigurationList section */
	};
	rootObject = 83CBB9F71A601CBA00E9B192 /* Project object */;
}
